<?xml version="1.0" encoding="utf-8"?>
<Project ToolsVersion="4.0" xmlns="http://schemas.microsoft.com/developer/msbuild/2003">
  <ItemGroup>
    <Filter Include="Assets">
      <UniqueIdentifier>6465891f-3c73-45eb-8f74-10d660966fa6</UniqueIdentifier>
      <Extensions>ico;cur;bmp;dds;dlg;fbx;rct;bin;rgs;gif;jpg;jpeg;jpe;resx;tga;tiff;tif;png;wav;mfcribbon-ms</Extensions>
    </Filter>
    <Filter Include="Header">
      <UniqueIdentifier>{98b3be40-fd09-489d-b1f9-4a8d1823f575}</UniqueIdentifier>
    </Filter>
    <Filter Include="Source">
      <UniqueIdentifier>{08ea3341-602c-43e0-92f2-8f7a26f39fdf}</UniqueIdentifier>
    </Filter>
  </ItemGroup>
  <ItemGroup>
    <ClInclude Include="pch.h" />
    <ClInclude Include="StepTimer.h" />
    <ClInclude Include="GameObject.h">
      <Filter>Header</Filter>
    </ClInclude>
    <ClInclude Include="Camera.h">
      <Filter>Header</Filter>
    </ClInclude>
    <ClInclude Include="GameData.h">
      <Filter>Header</Filter>
    </ClInclude>
    <ClInclude Include="GameStates.h">
      <Filter>Header</Filter>
    </ClInclude>
    <ClInclude Include="PlayerStates.h">
      <Filter>Header</Filter>
    </ClInclude>
    <ClInclude Include="Game.h">
      <Filter>Header</Filter>
    </ClInclude>
    <ClInclude Include="Application.h">
      <Filter>Header</Filter>
    </ClInclude>
    <ClInclude Include="FollowCamera.h">
      <Filter>Header</Filter>
    </ClInclude>
    <ClInclude Include="GameObject2D.h">
      <Filter>Header</Filter>
    </ClInclude>
    <ClInclude Include="SpriteGameObject.h">
      <Filter>Header</Filter>
    </ClInclude>
    <ClInclude Include="Sprite.h">
      <Filter>Header</Filter>
    </ClInclude>
    <ClInclude Include="DrawData2D.h">
      <Filter>Header</Filter>
    </ClInclude>
    <ClInclude Include="Player.h">
      <Filter>Header</Filter>
    </ClInclude>
  </ItemGroup>
  <ItemGroup>
    <ClCompile Include="pch.cpp" />
    <ClCompile Include="Game.cpp">
      <Filter>Source</Filter>
    </ClCompile>
    <ClCompile Include="Main.cpp">
      <Filter>Source</Filter>
    </ClCompile>
    <ClCompile Include="GameObject.cpp">
      <Filter>Source</Filter>
    </ClCompile>
    <ClCompile Include="Camera.cpp">
      <Filter>Source</Filter>
    </ClCompile>
    <ClCompile Include="Application.cpp">
      <Filter>Source</Filter>
    </ClCompile>
    <ClCompile Include="FollowCamera.cpp">
      <Filter>Source</Filter>
    </ClCompile>
    <ClCompile Include="GameObject2D.cpp">
      <Filter>Source</Filter>
    </ClCompile>
    <ClCompile Include="SpriteGameObject.cpp">
      <Filter>Source</Filter>
    </ClCompile>
    <ClCompile Include="Sprite.cpp">
      <Filter>Source</Filter>
    </ClCompile>
    <ClCompile Include="Player.cpp">
      <Filter>Source</Filter>
    </ClCompile>
  </ItemGroup>
  <ItemGroup>
    <ResourceCompile Include="resource.rc" />
  </ItemGroup>
  <ItemGroup>
    <Image Include="directx.ico">
      <Filter>Assets</Filter>
    </Image>
  </ItemGroup>
  <ItemGroup>
    <Manifest Include="settings.manifest">
      <Filter>Assets</Filter>
    </Manifest>
  </ItemGroup>
  <ItemGroup>
    <None Include="packages.config" />
  </ItemGroup>
</Project>